// !$*UTF8*$!
{
	archiveVersion = 1;
	classes = {
	};
	objectVersion = 56;
	objects = {

/* Begin PBXBuildFile section */
		370A87802997E68D00CAB1E2 /* TallyTrackerApp.swift in Sources */ = {isa = PBXBuildFile; fileRef = 370A877F2997E68D00CAB1E2 /* TallyTrackerApp.swift */; };
		370A87822997E68D00CAB1E2 /* GameTallyView.swift in Sources */ = {isa = PBXBuildFile; fileRef = 370A87812997E68D00CAB1E2 /* GameTallyView.swift */; };
		370A87872997E68E00CAB1E2 /* Preview Assets.xcassets in Resources */ = {isa = PBXBuildFile; fileRef = 370A87862997E68E00CAB1E2 /* Preview Assets.xcassets */; };
		370F633C299EBBA70045ADE3 /* CustomGameSetupView.swift in Sources */ = {isa = PBXBuildFile; fileRef = 370F633B299EBBA70045ADE3 /* CustomGameSetupView.swift */; };
		371796FC29AA66FC00DDFB9D /* EditNameView.swift in Sources */ = {isa = PBXBuildFile; fileRef = 371796FB29AA66FC00DDFB9D /* EditNameView.swift */; };
		37343DDE29C4DC70005810CA /* Assets.xcassets in Resources */ = {isa = PBXBuildFile; fileRef = 370A87832997E68E00CAB1E2 /* Assets.xcassets */; };
		37343DE029C4DDBB005810CA /* pop.mp3 in Resources */ = {isa = PBXBuildFile; fileRef = 37343DDF29C4DDBB005810CA /* pop.mp3 */; };
		37343DE229C8A825005810CA /* ServeCounterView.swift in Sources */ = {isa = PBXBuildFile; fileRef = 37343DE129C8A825005810CA /* ServeCounterView.swift */; };
		375A11B7299C468400830277 /* MainMenuPortraitView.swift in Sources */ = {isa = PBXBuildFile; fileRef = 375A11B6299C468400830277 /* MainMenuPortraitView.swift */; };
		375A11B9299C484900830277 /* MainMenuGameButtonView.swift in Sources */ = {isa = PBXBuildFile; fileRef = 375A11B8299C484900830277 /* MainMenuGameButtonView.swift */; };
		375A11BB299C4D3A00830277 /* MainMenuOrientationView.swift in Sources */ = {isa = PBXBuildFile; fileRef = 375A11BA299C4D3A00830277 /* MainMenuOrientationView.swift */; };
		375A11BD299C517100830277 /* MainMenuLandscapeView.swift in Sources */ = {isa = PBXBuildFile; fileRef = 375A11BC299C517100830277 /* MainMenuLandscapeView.swift */; };
		3767899129CB54C000E89721 /* MatchWinsCounterView.swift in Sources */ = {isa = PBXBuildFile; fileRef = 3767899029CB54C000E89721 /* MatchWinsCounterView.swift */; };
		376C48DC299AF2FA00801CBA /* TallyButtonView.swift in Sources */ = {isa = PBXBuildFile; fileRef = 376C48DB299AF2FA00801CBA /* TallyButtonView.swift */; };
		37C980E329B4F04E0069B7B7 /* GeometryEffect.swift in Sources */ = {isa = PBXBuildFile; fileRef = 37C980E229B4F04E0069B7B7 /* GeometryEffect.swift */; };
		37C980E529B4F96E0069B7B7 /* ParticlesModifier.swift in Sources */ = {isa = PBXBuildFile; fileRef = 37C980E429B4F96E0069B7B7 /* ParticlesModifier.swift */; };
		37CDBF7429C21E3500D59B28 /* ChangeValueButtonView.swift in Sources */ = {isa = PBXBuildFile; fileRef = 37CDBF7329C21E3500D59B28 /* ChangeValueButtonView.swift */; };
		37D9FFEC299D8D31009E6729 /* GameViewModel.swift in Sources */ = {isa = PBXBuildFile; fileRef = 37D9FFEB299D8D31009E6729 /* GameViewModel.swift */; };
/* End PBXBuildFile section */

/* Begin PBXFileReference section */
		370A877C2997E68D00CAB1E2 /* TallyTracker.app */ = {isa = PBXFileReference; explicitFileType = wrapper.application; includeInIndex = 0; path = TallyTracker.app; sourceTree = BUILT_PRODUCTS_DIR; };
		370A877F2997E68D00CAB1E2 /* TallyTrackerApp.swift */ = {isa = PBXFileReference; lastKnownFileType = sourcecode.swift; path = TallyTrackerApp.swift; sourceTree = "<group>"; };
		370A87812997E68D00CAB1E2 /* GameTallyView.swift */ = {isa = PBXFileReference; lastKnownFileType = sourcecode.swift; path = GameTallyView.swift; sourceTree = "<group>"; };
		370A87832997E68E00CAB1E2 /* Assets.xcassets */ = {isa = PBXFileReference; lastKnownFileType = folder.assetcatalog; path = Assets.xcassets; sourceTree = "<group>"; };
		370A87862997E68E00CAB1E2 /* Preview Assets.xcassets */ = {isa = PBXFileReference; lastKnownFileType = folder.assetcatalog; path = "Preview Assets.xcassets"; sourceTree = "<group>"; };
		370F633B299EBBA70045ADE3 /* CustomGameSetupView.swift */ = {isa = PBXFileReference; lastKnownFileType = sourcecode.swift; path = CustomGameSetupView.swift; sourceTree = "<group>"; };
		371796FB29AA66FC00DDFB9D /* EditNameView.swift */ = {isa = PBXFileReference; lastKnownFileType = sourcecode.swift; path = EditNameView.swift; sourceTree = "<group>"; };
		37343DDF29C4DDBB005810CA /* pop.mp3 */ = {isa = PBXFileReference; lastKnownFileType = audio.mp3; path = pop.mp3; sourceTree = "<group>"; };
		37343DE129C8A825005810CA /* ServeCounterView.swift */ = {isa = PBXFileReference; lastKnownFileType = sourcecode.swift; path = ServeCounterView.swift; sourceTree = "<group>"; };
		375A11B6299C468400830277 /* MainMenuPortraitView.swift */ = {isa = PBXFileReference; lastKnownFileType = sourcecode.swift; path = MainMenuPortraitView.swift; sourceTree = "<group>"; };
		375A11B8299C484900830277 /* MainMenuGameButtonView.swift */ = {isa = PBXFileReference; lastKnownFileType = sourcecode.swift; path = MainMenuGameButtonView.swift; sourceTree = "<group>"; };
		375A11BA299C4D3A00830277 /* MainMenuOrientationView.swift */ = {isa = PBXFileReference; lastKnownFileType = sourcecode.swift; path = MainMenuOrientationView.swift; sourceTree = "<group>"; };
		375A11BC299C517100830277 /* MainMenuLandscapeView.swift */ = {isa = PBXFileReference; lastKnownFileType = sourcecode.swift; path = MainMenuLandscapeView.swift; sourceTree = "<group>"; };
		3764845F29B398EF0056C409 /* Info.plist */ = {isa = PBXFileReference; lastKnownFileType = text.plist; path = Info.plist; sourceTree = "<group>"; };
		3767899029CB54C000E89721 /* MatchWinsCounterView.swift */ = {isa = PBXFileReference; lastKnownFileType = sourcecode.swift; path = MatchWinsCounterView.swift; sourceTree = "<group>"; };
		376C48DB299AF2FA00801CBA /* TallyButtonView.swift */ = {isa = PBXFileReference; lastKnownFileType = sourcecode.swift; path = TallyButtonView.swift; sourceTree = "<group>"; };
		37C980E229B4F04E0069B7B7 /* GeometryEffect.swift */ = {isa = PBXFileReference; lastKnownFileType = sourcecode.swift; path = GeometryEffect.swift; sourceTree = "<group>"; };
		37C980E429B4F96E0069B7B7 /* ParticlesModifier.swift */ = {isa = PBXFileReference; lastKnownFileType = sourcecode.swift; path = ParticlesModifier.swift; sourceTree = "<group>"; };
		37CDBF7329C21E3500D59B28 /* ChangeValueButtonView.swift */ = {isa = PBXFileReference; lastKnownFileType = sourcecode.swift; path = ChangeValueButtonView.swift; sourceTree = "<group>"; };
		37D9FFEB299D8D31009E6729 /* GameViewModel.swift */ = {isa = PBXFileReference; lastKnownFileType = sourcecode.swift; path = GameViewModel.swift; sourceTree = "<group>"; };
/* End PBXFileReference section */

/* Begin PBXFrameworksBuildPhase section */
		370A87792997E68D00CAB1E2 /* Frameworks */ = {
			isa = PBXFrameworksBuildPhase;
			buildActionMask = 2147483647;
			files = (
			);
			runOnlyForDeploymentPostprocessing = 0;
		};
/* End PBXFrameworksBuildPhase section */

/* Begin PBXGroup section */
		370A87732997E68D00CAB1E2 = {
			isa = PBXGroup;
			children = (
				370A877E2997E68D00CAB1E2 /* TallyTracker */,
				370A877D2997E68D00CAB1E2 /* Products */,
			);
			sourceTree = "<group>";
		};
		370A877D2997E68D00CAB1E2 /* Products */ = {
			isa = PBXGroup;
			children = (
				370A877C2997E68D00CAB1E2 /* TallyTracker.app */,
			);
			name = Products;
			sourceTree = "<group>";
		};
		370A877E2997E68D00CAB1E2 /* TallyTracker */ = {
			isa = PBXGroup;
			children = (
				37343DDF29C4DDBB005810CA /* pop.mp3 */,
				3764845F29B398EF0056C409 /* Info.plist */,
				370A877F2997E68D00CAB1E2 /* TallyTrackerApp.swift */,
				37C980E229B4F04E0069B7B7 /* GeometryEffect.swift */,
				37C980E429B4F96E0069B7B7 /* ParticlesModifier.swift */,
				37D9FFF0299D92A8009E6729 /* View Models */,
				37D9FFED299D91E2009E6729 /* Views */,
				370A87832997E68E00CAB1E2 /* Assets.xcassets */,
				370A87852997E68E00CAB1E2 /* Preview Content */,
			);
			path = TallyTracker;
			sourceTree = "<group>";
		};
		370A87852997E68E00CAB1E2 /* Preview Content */ = {
			isa = PBXGroup;
			children = (
				370A87862997E68E00CAB1E2 /* Preview Assets.xcassets */,
			);
			path = "Preview Content";
			sourceTree = "<group>";
		};
		37D9FFED299D91E2009E6729 /* Views */ = {
			isa = PBXGroup;
			children = (
				37D9FFEE299D925D009E6729 /* Main Menu */,
				370A87812997E68D00CAB1E2 /* GameTallyView.swift */,
				3767899029CB54C000E89721 /* MatchWinsCounterView.swift */,
				37D9FFEF299D9270009E6729 /* Reusable Views */,
				370F633B299EBBA70045ADE3 /* CustomGameSetupView.swift */,
				371796FB29AA66FC00DDFB9D /* EditNameView.swift */,
			);
			path = Views;
			sourceTree = "<group>";
		};
		37D9FFEE299D925D009E6729 /* Main Menu */ = {
			isa = PBXGroup;
			children = (
				375A11BA299C4D3A00830277 /* MainMenuOrientationView.swift */,
				375A11B6299C468400830277 /* MainMenuPortraitView.swift */,
				375A11BC299C517100830277 /* MainMenuLandscapeView.swift */,
			);
			path = "Main Menu";
			sourceTree = "<group>";
		};
		37D9FFEF299D9270009E6729 /* Reusable Views */ = {
			isa = PBXGroup;
			children = (
				376C48DB299AF2FA00801CBA /* TallyButtonView.swift */,
				375A11B8299C484900830277 /* MainMenuGameButtonView.swift */,
				37CDBF7329C21E3500D59B28 /* ChangeValueButtonView.swift */,
				37343DE129C8A825005810CA /* ServeCounterView.swift */,
			);
			path = "Reusable Views";
			sourceTree = "<group>";
		};
		37D9FFF0299D92A8009E6729 /* View Models */ = {
			isa = PBXGroup;
			children = (
				37D9FFEB299D8D31009E6729 /* GameViewModel.swift */,
			);
			path = "View Models";
			sourceTree = "<group>";
		};
/* End PBXGroup section */

/* Begin PBXNativeTarget section */
		370A877B2997E68D00CAB1E2 /* TallyTracker */ = {
			isa = PBXNativeTarget;
			buildConfigurationList = 370A878A2997E68E00CAB1E2 /* Build configuration list for PBXNativeTarget "TallyTracker" */;
			buildPhases = (
				370A87782997E68D00CAB1E2 /* Sources */,
				370A87792997E68D00CAB1E2 /* Frameworks */,
				370A877A2997E68D00CAB1E2 /* Resources */,
			);
			buildRules = (
			);
			dependencies = (
			);
			name = TallyTracker;
			productName = TallyTracker;
			productReference = 370A877C2997E68D00CAB1E2 /* TallyTracker.app */;
			productType = "com.apple.product-type.application";
		};
/* End PBXNativeTarget section */

/* Begin PBXProject section */
		370A87742997E68D00CAB1E2 /* Project object */ = {
			isa = PBXProject;
			attributes = {
				BuildIndependentTargetsInParallel = 1;
				LastSwiftUpdateCheck = 1420;
				LastUpgradeCheck = 1420;
				TargetAttributes = {
					370A877B2997E68D00CAB1E2 = {
						CreatedOnToolsVersion = 14.2;
					};
				};
			};
			buildConfigurationList = 370A87772997E68D00CAB1E2 /* Build configuration list for PBXProject "TallyTracker" */;
			compatibilityVersion = "Xcode 14.0";
			developmentRegion = en;
			hasScannedForEncodings = 0;
			knownRegions = (
				en,
				Base,
			);
			mainGroup = 370A87732997E68D00CAB1E2;
			productRefGroup = 370A877D2997E68D00CAB1E2 /* Products */;
			projectDirPath = "";
			projectRoot = "";
			targets = (
				370A877B2997E68D00CAB1E2 /* TallyTracker */,
			);
		};
/* End PBXProject section */

/* Begin PBXResourcesBuildPhase section */
		370A877A2997E68D00CAB1E2 /* Resources */ = {
			isa = PBXResourcesBuildPhase;
			buildActionMask = 2147483647;
			files = (
				37343DE029C4DDBB005810CA /* pop.mp3 in Resources */,
				37343DDE29C4DC70005810CA /* Assets.xcassets in Resources */,
				370A87872997E68E00CAB1E2 /* Preview Assets.xcassets in Resources */,
			);
			runOnlyForDeploymentPostprocessing = 0;
		};
/* End PBXResourcesBuildPhase section */

/* Begin PBXSourcesBuildPhase section */
		370A87782997E68D00CAB1E2 /* Sources */ = {
			isa = PBXSourcesBuildPhase;
			buildActionMask = 2147483647;
			files = (
				37C980E529B4F96E0069B7B7 /* ParticlesModifier.swift in Sources */,
				375A11BD299C517100830277 /* MainMenuLandscapeView.swift in Sources */,
				375A11B9299C484900830277 /* MainMenuGameButtonView.swift in Sources */,
				37CDBF7429C21E3500D59B28 /* ChangeValueButtonView.swift in Sources */,
				375A11BB299C4D3A00830277 /* MainMenuOrientationView.swift in Sources */,
				375A11B7299C468400830277 /* MainMenuPortraitView.swift in Sources */,
				376C48DC299AF2FA00801CBA /* TallyButtonView.swift in Sources */,
				371796FC29AA66FC00DDFB9D /* EditNameView.swift in Sources */,
				370A87822997E68D00CAB1E2 /* GameTallyView.swift in Sources */,
				37C980E329B4F04E0069B7B7 /* GeometryEffect.swift in Sources */,
				37D9FFEC299D8D31009E6729 /* GameViewModel.swift in Sources */,
				370A87802997E68D00CAB1E2 /* TallyTrackerApp.swift in Sources */,
				370F633C299EBBA70045ADE3 /* CustomGameSetupView.swift in Sources */,
				3767899129CB54C000E89721 /* MatchWinsCounterView.swift in Sources */,
				37343DE229C8A825005810CA /* ServeCounterView.swift in Sources */,
			);
			runOnlyForDeploymentPostprocessing = 0;
		};
/* End PBXSourcesBuildPhase section */

/* Begin XCBuildConfiguration section */
		370A87882997E68E00CAB1E2 /* Debug */ = {
			isa = XCBuildConfiguration;
			buildSettings = {
				ALWAYS_SEARCH_USER_PATHS = NO;
				CLANG_ANALYZER_NONNULL = YES;
				CLANG_ANALYZER_NUMBER_OBJECT_CONVERSION = YES_AGGRESSIVE;
				CLANG_CXX_LANGUAGE_STANDARD = "gnu++20";
				CLANG_ENABLE_MODULES = YES;
				CLANG_ENABLE_OBJC_ARC = YES;
				CLANG_ENABLE_OBJC_WEAK = YES;
				CLANG_WARN_BLOCK_CAPTURE_AUTORELEASING = YES;
				CLANG_WARN_BOOL_CONVERSION = YES;
				CLANG_WARN_COMMA = YES;
				CLANG_WARN_CONSTANT_CONVERSION = YES;
				CLANG_WARN_DEPRECATED_OBJC_IMPLEMENTATIONS = YES;
				CLANG_WARN_DIRECT_OBJC_ISA_USAGE = YES_ERROR;
				CLANG_WARN_DOCUMENTATION_COMMENTS = YES;
				CLANG_WARN_EMPTY_BODY = YES;
				CLANG_WARN_ENUM_CONVERSION = YES;
				CLANG_WARN_INFINITE_RECURSION = YES;
				CLANG_WARN_INT_CONVERSION = YES;
				CLANG_WARN_NON_LITERAL_NULL_CONVERSION = YES;
				CLANG_WARN_OBJC_IMPLICIT_RETAIN_SELF = YES;
				CLANG_WARN_OBJC_LITERAL_CONVERSION = YES;
				CLANG_WARN_OBJC_ROOT_CLASS = YES_ERROR;
				CLANG_WARN_QUOTED_INCLUDE_IN_FRAMEWORK_HEADER = YES;
				CLANG_WARN_RANGE_LOOP_ANALYSIS = YES;
				CLANG_WARN_STRICT_PROTOTYPES = YES;
				CLANG_WARN_SUSPICIOUS_MOVE = YES;
				CLANG_WARN_UNGUARDED_AVAILABILITY = YES_AGGRESSIVE;
				CLANG_WARN_UNREACHABLE_CODE = YES;
				CLANG_WARN__DUPLICATE_METHOD_MATCH = YES;
				COPY_PHASE_STRIP = NO;
				DEBUG_INFORMATION_FORMAT = dwarf;
				ENABLE_STRICT_OBJC_MSGSEND = YES;
				ENABLE_TESTABILITY = YES;
				GCC_C_LANGUAGE_STANDARD = gnu11;
				GCC_DYNAMIC_NO_PIC = NO;
				GCC_NO_COMMON_BLOCKS = YES;
				GCC_OPTIMIZATION_LEVEL = 0;
				GCC_PREPROCESSOR_DEFINITIONS = (
					"DEBUG=1",
					"$(inherited)",
				);
				GCC_WARN_64_TO_32_BIT_CONVERSION = YES;
				GCC_WARN_ABOUT_RETURN_TYPE = YES_ERROR;
				GCC_WARN_UNDECLARED_SELECTOR = YES;
				GCC_WARN_UNINITIALIZED_AUTOS = YES_AGGRESSIVE;
				GCC_WARN_UNUSED_FUNCTION = YES;
				GCC_WARN_UNUSED_VARIABLE = YES;
				IPHONEOS_DEPLOYMENT_TARGET = 16.2;
				MTL_ENABLE_DEBUG_INFO = INCLUDE_SOURCE;
				MTL_FAST_MATH = YES;
				ONLY_ACTIVE_ARCH = YES;
				SDKROOT = iphoneos;
				SWIFT_ACTIVE_COMPILATION_CONDITIONS = DEBUG;
				SWIFT_OPTIMIZATION_LEVEL = "-Onone";
			};
			name = Debug;
		};
		370A87892997E68E00CAB1E2 /* Release */ = {
			isa = XCBuildConfiguration;
			buildSettings = {
				ALWAYS_SEARCH_USER_PATHS = NO;
				CLANG_ANALYZER_NONNULL = YES;
				CLANG_ANALYZER_NUMBER_OBJECT_CONVERSION = YES_AGGRESSIVE;
				CLANG_CXX_LANGUAGE_STANDARD = "gnu++20";
				CLANG_ENABLE_MODULES = YES;
				CLANG_ENABLE_OBJC_ARC = YES;
				CLANG_ENABLE_OBJC_WEAK = YES;
				CLANG_WARN_BLOCK_CAPTURE_AUTORELEASING = YES;
				CLANG_WARN_BOOL_CONVERSION = YES;
				CLANG_WARN_COMMA = YES;
				CLANG_WARN_CONSTANT_CONVERSION = YES;
				CLANG_WARN_DEPRECATED_OBJC_IMPLEMENTATIONS = YES;
				CLANG_WARN_DIRECT_OBJC_ISA_USAGE = YES_ERROR;
				CLANG_WARN_DOCUMENTATION_COMMENTS = YES;
				CLANG_WARN_EMPTY_BODY = YES;
				CLANG_WARN_ENUM_CONVERSION = YES;
				CLANG_WARN_INFINITE_RECURSION = YES;
				CLANG_WARN_INT_CONVERSION = YES;
				CLANG_WARN_NON_LITERAL_NULL_CONVERSION = YES;
				CLANG_WARN_OBJC_IMPLICIT_RETAIN_SELF = YES;
				CLANG_WARN_OBJC_LITERAL_CONVERSION = YES;
				CLANG_WARN_OBJC_ROOT_CLASS = YES_ERROR;
				CLANG_WARN_QUOTED_INCLUDE_IN_FRAMEWORK_HEADER = YES;
				CLANG_WARN_RANGE_LOOP_ANALYSIS = YES;
				CLANG_WARN_STRICT_PROTOTYPES = YES;
				CLANG_WARN_SUSPICIOUS_MOVE = YES;
				CLANG_WARN_UNGUARDED_AVAILABILITY = YES_AGGRESSIVE;
				CLANG_WARN_UNREACHABLE_CODE = YES;
				CLANG_WARN__DUPLICATE_METHOD_MATCH = YES;
				COPY_PHASE_STRIP = NO;
				DEBUG_INFORMATION_FORMAT = "dwarf-with-dsym";
				ENABLE_NS_ASSERTIONS = NO;
				ENABLE_STRICT_OBJC_MSGSEND = YES;
				GCC_C_LANGUAGE_STANDARD = gnu11;
				GCC_NO_COMMON_BLOCKS = YES;
				GCC_WARN_64_TO_32_BIT_CONVERSION = YES;
				GCC_WARN_ABOUT_RETURN_TYPE = YES_ERROR;
				GCC_WARN_UNDECLARED_SELECTOR = YES;
				GCC_WARN_UNINITIALIZED_AUTOS = YES_AGGRESSIVE;
				GCC_WARN_UNUSED_FUNCTION = YES;
				GCC_WARN_UNUSED_VARIABLE = YES;
				IPHONEOS_DEPLOYMENT_TARGET = 16.2;
				MTL_ENABLE_DEBUG_INFO = NO;
				MTL_FAST_MATH = YES;
				SDKROOT = iphoneos;
				SWIFT_COMPILATION_MODE = wholemodule;
				SWIFT_OPTIMIZATION_LEVEL = "-O";
				VALIDATE_PRODUCT = YES;
			};
			name = Release;
		};
		370A878B2997E68E00CAB1E2 /* Debug */ = {
			isa = XCBuildConfiguration;
			buildSettings = {
				ASSETCATALOG_COMPILER_APPICON_NAME = AppIcon;
				ASSETCATALOG_COMPILER_GLOBAL_ACCENT_COLOR_NAME = AccentColor;
				CODE_SIGN_STYLE = Automatic;
				CURRENT_PROJECT_VERSION = 1;
				DEVELOPMENT_ASSET_PATHS = "\"TallyTracker/Preview Content\"";
				DEVELOPMENT_TEAM = G4KQ459XHC;
				ENABLE_PREVIEWS = YES;
				GENERATE_INFOPLIST_FILE = YES;
				INFOPLIST_FILE = TallyTracker/Info.plist;
				INFOPLIST_KEY_UIApplicationSupportsIndirectInputEvents = YES;
				INFOPLIST_KEY_UILaunchScreen_Generation = YES;
				INFOPLIST_KEY_UISupportedInterfaceOrientations = "UIInterfaceOrientationLandscapeLeft UIInterfaceOrientationLandscapeRight UIInterfaceOrientationPortrait";
				INFOPLIST_KEY_UISupportedInterfaceOrientations_iPad = "UIInterfaceOrientationLandscapeLeft UIInterfaceOrientationLandscapeRight UIInterfaceOrientationPortrait UIInterfaceOrientationPortraitUpsideDown";
				LD_RUNPATH_SEARCH_PATHS = (
					"$(inherited)",
					"@executable_path/Frameworks",
				);
				MARKETING_VERSION = 1.0;
				NEW_SETTING = "";
				PRODUCT_BUNDLE_IDENTIFIER = keeley.greg.tallytracker.TallyTracker;
				PRODUCT_NAME = "$(TARGET_NAME)";
				SWIFT_EMIT_LOC_STRINGS = YES;
				SWIFT_VERSION = 5.0;
				TARGETED_DEVICE_FAMILY = "1,2";
			};
			name = Debug;
		};
		370A878C2997E68E00CAB1E2 /* Release */ = {
			isa = XCBuildConfiguration;
			buildSettings = {
				ASSETCATALOG_COMPILER_APPICON_NAME = AppIcon;
				ASSETCATALOG_COMPILER_GLOBAL_ACCENT_COLOR_NAME = AccentColor;
				CODE_SIGN_STYLE = Automatic;
				CURRENT_PROJECT_VERSION = 1;
				DEVELOPMENT_ASSET_PATHS = "\"TallyTracker/Preview Content\"";
				DEVELOPMENT_TEAM = G4KQ459XHC;
				ENABLE_PREVIEWS = YES;
				GENERATE_INFOPLIST_FILE = YES;
				INFOPLIST_FILE = TallyTracker/Info.plist;
				INFOPLIST_KEY_UIApplicationSupportsIndirectInputEvents = YES;
				INFOPLIST_KEY_UILaunchScreen_Generation = YES;
				INFOPLIST_KEY_UISupportedInterfaceOrientations = "UIInterfaceOrientationLandscapeLeft UIInterfaceOrientationLandscapeRight UIInterfaceOrientationPortrait";
				INFOPLIST_KEY_UISupportedInterfaceOrientations_iPad = "UIInterfaceOrientationLandscapeLeft UIInterfaceOrientationLandscapeRight UIInterfaceOrientationPortrait UIInterfaceOrientationPortraitUpsideDown";
				LD_RUNPATH_SEARCH_PATHS = (
					"$(inherited)",
					"@executable_path/Frameworks",
				);
				MARKETING_VERSION = 1.0;
				NEW_SETTING = "";
				PRODUCT_BUNDLE_IDENTIFIER = keeley.greg.tallytracker.TallyTracker;
				PRODUCT_NAME = "$(TARGET_NAME)";
				SWIFT_EMIT_LOC_STRINGS = YES;
				SWIFT_VERSION = 5.0;
				TARGETED_DEVICE_FAMILY = "1,2";
			};
			name = Release;
		};
/* End XCBuildConfiguration section */

/* Begin XCConfigurationList section */
		370A87772997E68D00CAB1E2 /* Build configuration list for PBXProject "TallyTracker" */ = {
			isa = XCConfigurationList;
			buildConfigurations = (
				370A87882997E68E00CAB1E2 /* Debug */,
				370A87892997E68E00CAB1E2 /* Release */,
			);
			defaultConfigurationIsVisible = 0;
			defaultConfigurationName = Release;
		};
		370A878A2997E68E00CAB1E2 /* Build configuration list for PBXNativeTarget "TallyTracker" */ = {
			isa = XCConfigurationList;
			buildConfigurations = (
				370A878B2997E68E00CAB1E2 /* Debug */,
				370A878C2997E68E00CAB1E2 /* Release */,
			);
			defaultConfigurationIsVisible = 0;
			defaultConfigurationName = Release;
		};
/* End XCConfigurationList section */
	};
	rootObject = 370A87742997E68D00CAB1E2 /* Project object */;
}
